
Microsoft Visual Studio Solution File, Format Version 12.00
# Visual Studio Version 17
VisualStudioVersion = 17.13.35931.197
MinimumVisualStudioVersion = 10.0.40219.1
Project("{FAE04EC0-301F-11D3-BF4B-00C04F79EFBC}") = "Grief", "Grief.csproj", "{5BF9BCB5-102F-4D71-BCE5-B5AE25292BB5}"
EndProject
Project("{FAE04EC0-301F-11D3-BF4B-00C04F79EFBC}") = "UnitTests", "..\UnitTests\UnitTests.csproj", "{B8A3F6FE-6CD6-4D84-BD38-10ECE125EDAD}"
EndProject
Global
	GlobalSection(SolutionConfigurationPlatforms) = preSolution
		Debug|Any CPU = Debug|Any CPU
		Release|Any CPU = Release|Any CPU
	EndGlobalSection
	GlobalSection(ProjectConfigurationPlatforms) = postSolution
		{5BF9BCB5-102F-4D71-BCE5-B5AE25292BB5}.Debug|Any CPU.ActiveCfg = Debug|Any CPU
		{5BF9BCB5-102F-4D71-BCE5-B5AE25292BB5}.Debug|Any CPU.Build.0 = Debug|Any CPU
		{5BF9BCB5-102F-4D71-BCE5-B5AE25292BB5}.Release|Any CPU.ActiveCfg = Release|Any CPU
		{5BF9BCB5-102F-4D71-BCE5-B5AE25292BB5}.Release|Any CPU.Build.0 = Release|Any CPU
		{B8A3F6FE-6CD6-4D84-BD38-10ECE125EDAD}.Debug|Any CPU.ActiveCfg = Debug|Any CPU
		{B8A3F6FE-6CD6-4D84-BD38-10ECE125EDAD}.Debug|Any CPU.Build.0 = Debug|Any CPU
		{B8A3F6FE-6CD6-4D84-BD38-10ECE125EDAD}.Release|Any CPU.ActiveCfg = Release|Any CPU
		{B8A3F6FE-6CD6-4D84-BD38-10ECE125EDAD}.Release|Any CPU.Build.0 = Release|Any CPU
	EndGlobalSection
	GlobalSection(SolutionProperties) = preSolution
		HideSolutionNode = FALSE
	EndGlobalSection
	GlobalSection(ExtensibilityGlobals) = postSolution
		SolutionGuid = {DE29D344-697A-4C5F-95B6-8C81452B8743}
	EndGlobalSection
EndGlobal
